
Microsoft Visual Studio Solution File, Format Version 12.00
# Visual Studio Version 17
VisualStudioVersion = 17.4.33103.184
MinimumVisualStudioVersion = 10.0.40219.1
Project("{2150E333-8FDC-42A3-9474-1A3956D46DE8}") = "src", "src", "{911C447A-53ED-469C-95A2-DF03AB453496}"
EndProject
Project("{2150E333-8FDC-42A3-9474-1A3956D46DE8}") = "test", "test", "{FDAD5620-309B-4E68-B2AF-4462E4C2AD7D}"
EndProject
Project("{FAE04EC0-301F-11D3-BF4B-00C04F79EFBC}") = "POS.Domain", "POS.Domain\POS.Domain.csproj", "{F907CCEB-EFE4-42E3-BC29-EF40D7B94818}"
EndProject
Project("{FAE04EC0-301F-11D3-BF4B-00C04F79EFBC}") = "POS.Infrastructure", "POS.Infrastructure\POS.Infrastructure.csproj", "{5C60464B-897A-473C-9734-8BDB18DEFDD6}"
EndProject
Project("{FAE04EC0-301F-11D3-BF4B-00C04F79EFBC}") = "POS.Aplication", "POS.aplication\POS.Aplication.csproj", "{2986BE2C-3988-4EC8-9E05-FAA94400D2C6}"
EndProject
Project("{FAE04EC0-301F-11D3-BF4B-00C04F79EFBC}") = "POS.Api", "POS.Api\POS.Api.csproj", "{095314AE-55CA-4A21-AE4F-08C1E1DC765B}"
EndProject
Project("{FAE04EC0-301F-11D3-BF4B-00C04F79EFBC}") = "POS.Utilities", "POS.Utilities\POS.Utilities.csproj", "{1B47DE78-5A56-4E71-B138-B21BD62BDF57}"
EndProject
Project("{FAE04EC0-301F-11D3-BF4B-00C04F79EFBC}") = "POS.Test", "POS.Test\POS.Test.csproj", "{3F9D60AE-4543-4B29-978C-A25EFBF8DD0F}"
EndProject
Global
	GlobalSection(SolutionConfigurationPlatforms) = preSolution
		Debug|Any CPU = Debug|Any CPU
		Release|Any CPU = Release|Any CPU
	EndGlobalSection
	GlobalSection(ProjectConfigurationPlatforms) = postSolution
		{F907CCEB-EFE4-42E3-BC29-EF40D7B94818}.Debug|Any CPU.ActiveCfg = Debug|Any CPU
		{F907CCEB-EFE4-42E3-BC29-EF40D7B94818}.Debug|Any CPU.Build.0 = Debug|Any CPU
		{F907CCEB-EFE4-42E3-BC29-EF40D7B94818}.Release|Any CPU.ActiveCfg = Release|Any CPU
		{F907CCEB-EFE4-42E3-BC29-EF40D7B94818}.Release|Any CPU.Build.0 = Release|Any CPU
		{5C60464B-897A-473C-9734-8BDB18DEFDD6}.Debug|Any CPU.ActiveCfg = Debug|Any CPU
		{5C60464B-897A-473C-9734-8BDB18DEFDD6}.Debug|Any CPU.Build.0 = Debug|Any CPU
		{5C60464B-897A-473C-9734-8BDB18DEFDD6}.Release|Any CPU.ActiveCfg = Release|Any CPU
		{5C60464B-897A-473C-9734-8BDB18DEFDD6}.Release|Any CPU.Build.0 = Release|Any CPU
		{2986BE2C-3988-4EC8-9E05-FAA94400D2C6}.Debug|Any CPU.ActiveCfg = Debug|Any CPU
		{2986BE2C-3988-4EC8-9E05-FAA94400D2C6}.Debug|Any CPU.Build.0 = Debug|Any CPU
		{2986BE2C-3988-4EC8-9E05-FAA94400D2C6}.Release|Any CPU.ActiveCfg = Release|Any CPU
		{2986BE2C-3988-4EC8-9E05-FAA94400D2C6}.Release|Any CPU.Build.0 = Release|Any CPU
		{095314AE-55CA-4A21-AE4F-08C1E1DC765B}.Debug|Any CPU.ActiveCfg = Debug|Any CPU
		{095314AE-55CA-4A21-AE4F-08C1E1DC765B}.Debug|Any CPU.Build.0 = Debug|Any CPU
		{095314AE-55CA-4A21-AE4F-08C1E1DC765B}.Release|Any CPU.ActiveCfg = Release|Any CPU
		{095314AE-55CA-4A21-AE4F-08C1E1DC765B}.Release|Any CPU.Build.0 = Release|Any CPU
		{1B47DE78-5A56-4E71-B138-B21BD62BDF57}.Debug|Any CPU.ActiveCfg = Debug|Any CPU
		{1B47DE78-5A56-4E71-B138-B21BD62BDF57}.Debug|Any CPU.Build.0 = Debug|Any CPU
		{1B47DE78-5A56-4E71-B138-B21BD62BDF57}.Release|Any CPU.ActiveCfg = Release|Any CPU
		{1B47DE78-5A56-4E71-B138-B21BD62BDF57}.Release|Any CPU.Build.0 = Release|Any CPU
		{3F9D60AE-4543-4B29-978C-A25EFBF8DD0F}.Debug|Any CPU.ActiveCfg = Debug|Any CPU
		{3F9D60AE-4543-4B29-978C-A25EFBF8DD0F}.Debug|Any CPU.Build.0 = Debug|Any CPU
		{3F9D60AE-4543-4B29-978C-A25EFBF8DD0F}.Release|Any CPU.ActiveCfg = Release|Any CPU
		{3F9D60AE-4543-4B29-978C-A25EFBF8DD0F}.Release|Any CPU.Build.0 = Release|Any CPU
	EndGlobalSection
	GlobalSection(SolutionProperties) = preSolution
		HideSolutionNode = FALSE
	EndGlobalSection
	GlobalSection(NestedProjects) = preSolution
		{F907CCEB-EFE4-42E3-BC29-EF40D7B94818} = {911C447A-53ED-469C-95A2-DF03AB453496}
		{5C60464B-897A-473C-9734-8BDB18DEFDD6} = {911C447A-53ED-469C-95A2-DF03AB453496}
		{2986BE2C-3988-4EC8-9E05-FAA94400D2C6} = {911C447A-53ED-469C-95A2-DF03AB453496}
		{095314AE-55CA-4A21-AE4F-08C1E1DC765B} = {911C447A-53ED-469C-95A2-DF03AB453496}
		{1B47DE78-5A56-4E71-B138-B21BD62BDF57} = {911C447A-53ED-469C-95A2-DF03AB453496}
		{3F9D60AE-4543-4B29-978C-A25EFBF8DD0F} = {FDAD5620-309B-4E68-B2AF-4462E4C2AD7D}
	EndGlobalSection
	GlobalSection(ExtensibilityGlobals) = postSolution
		SolutionGuid = {9DD0E7FF-D3C0-482C-A17C-859A247CC99E}
	EndGlobalSection
EndGlobal
